
Microsoft Visual Studio Solution File, Format Version 12.00
# Visual Studio Version 17
VisualStudioVersion = 17.14.36109.1 d17.14
MinimumVisualStudioVersion = 10.0.40219.1
Project("{FAE04EC0-301F-11D3-BF4B-00C04F79EFBC}") = "sp refister", "sp refister\sp refister.csproj", "{440D7AA2-5974-4A50-95C8-AF64603AF9D5}"
EndProject
Global
	GlobalSection(SolutionConfigurationPlatforms) = preSolution
		Debug|Any CPU = Debug|Any CPU
		Release|Any CPU = Release|Any CPU
	EndGlobalSection
	GlobalSection(ProjectConfigurationPlatforms) = postSolution
		{440D7AA2-5974-4A50-95C8-AF64603AF9D5}.Debug|Any CPU.ActiveCfg = Debug|Any CPU
		{440D7AA2-5974-4A50-95C8-AF64603AF9D5}.Debug|Any CPU.Build.0 = Debug|Any CPU
		{440D7AA2-5974-4A50-95C8-AF64603AF9D5}.Release|Any CPU.ActiveCfg = Release|Any CPU
		{440D7AA2-5974-4A50-95C8-AF64603AF9D5}.Release|Any CPU.Build.0 = Release|Any CPU
	EndGlobalSection
	GlobalSection(SolutionProperties) = preSolution
		HideSolutionNode = FALSE
	EndGlobalSection
	GlobalSection(ExtensibilityGlobals) = postSolution
		SolutionGuid = {FB5C1223-2665-4DA9-9F53-C4D8B221B360}
	EndGlobalSection
EndGlobal
